
Microsoft Visual Studio Solution File, Format Version 12.00
# Visual Studio Version 17
VisualStudioVersion = 17.14.36429.23 d17.14
MinimumVisualStudioVersion = 10.0.40219.1
Project("{FAE04EC0-301F-11D3-BF4B-00C04F79EFBC}") = "Fibonacci Exercise", "ConsoleApp2\Fibonacci Exercise.csproj", "{7C8D2ECA-C656-44AE-9D94-B02120FC2895}"
EndProject
Global
	GlobalSection(SolutionConfigurationPlatforms) = preSolution
		Debug|Any CPU = Debug|Any CPU
		Release|Any CPU = Release|Any CPU
	EndGlobalSection
	GlobalSection(ProjectConfigurationPlatforms) = postSolution
		{7C8D2ECA-C656-44AE-9D94-B02120FC2895}.Debug|Any CPU.ActiveCfg = Debug|Any CPU
		{7C8D2ECA-C656-44AE-9D94-B02120FC2895}.Debug|Any CPU.Build.0 = Debug|Any CPU
		{7C8D2ECA-C656-44AE-9D94-B02120FC2895}.Release|Any CPU.ActiveCfg = Release|Any CPU
		{7C8D2ECA-C656-44AE-9D94-B02120FC2895}.Release|Any CPU.Build.0 = Release|Any CPU
	EndGlobalSection
	GlobalSection(SolutionProperties) = preSolution
		HideSolutionNode = FALSE
	EndGlobalSection
	GlobalSection(ExtensibilityGlobals) = postSolution
		SolutionGuid = {8D579F21-335C-4A68-ACAA-8B01A5530787}
	EndGlobalSection
EndGlobal
